
Microsoft Visual Studio Solution File, Format Version 12.00
Project("{FAE04EC0-301F-11D3-BF4B-00C04F79EFBC}") = "NetworkLibrary", "NetworkLibrary\NetworkLibrary.csproj", "{B26E5668-4699-48D8-A5D1-7E9E45CB04FF}"
EndProject
Global
	GlobalSection(SolutionConfigurationPlatforms) = preSolution
		Debug|Any CPU = Debug|Any CPU
		Release|Any CPU = Release|Any CPU
	EndGlobalSection
	GlobalSection(ProjectConfigurationPlatforms) = postSolution
		{B26E5668-4699-48D8-A5D1-7E9E45CB04FF}.Debug|Any CPU.ActiveCfg = Debug|Any CPU
		{B26E5668-4699-48D8-A5D1-7E9E45CB04FF}.Debug|Any CPU.Build.0 = Debug|Any CPU
		{B26E5668-4699-48D8-A5D1-7E9E45CB04FF}.Release|Any CPU.ActiveCfg = Release|Any CPU
		{B26E5668-4699-48D8-A5D1-7E9E45CB04FF}.Release|Any CPU.Build.0 = Release|Any CPU
	EndGlobalSection
EndGlobal
